
Microsoft Visual Studio Solution File, Format Version 12.00
# Visual Studio Version 16
VisualStudioVersion = 16.0.30503.244
MinimumVisualStudioVersion = 10.0.40219.1
Project("{FAE04EC0-301F-11D3-BF4B-00C04F79EFBC}") = "DataStructure-LinkedListStackAndQueue", "DataStructure-LinkedListStackAndQueue\DataStructure-LinkedListStackAndQueue.csproj", "{8FAB82FE-9DFD-4A54-B1C0-3D2C89F9F02E}"
EndProject
Project("{FAE04EC0-301F-11D3-BF4B-00C04F79EFBC}") = "MsTestLikedListStackAndQueue", "MsTestLikedListStackAndQueue\MsTestLikedListStackAndQueue.csproj", "{D986ED3E-9F66-4979-81BF-FF9C5237E922}"
EndProject
Global
	GlobalSection(SolutionConfigurationPlatforms) = preSolution
		Debug|Any CPU = Debug|Any CPU
		Release|Any CPU = Release|Any CPU
	EndGlobalSection
	GlobalSection(ProjectConfigurationPlatforms) = postSolution
		{8FAB82FE-9DFD-4A54-B1C0-3D2C89F9F02E}.Debug|Any CPU.ActiveCfg = Debug|Any CPU
		{8FAB82FE-9DFD-4A54-B1C0-3D2C89F9F02E}.Debug|Any CPU.Build.0 = Debug|Any CPU
		{8FAB82FE-9DFD-4A54-B1C0-3D2C89F9F02E}.Release|Any CPU.ActiveCfg = Release|Any CPU
		{8FAB82FE-9DFD-4A54-B1C0-3D2C89F9F02E}.Release|Any CPU.Build.0 = Release|Any CPU
		{D986ED3E-9F66-4979-81BF-FF9C5237E922}.Debug|Any CPU.ActiveCfg = Debug|Any CPU
		{D986ED3E-9F66-4979-81BF-FF9C5237E922}.Debug|Any CPU.Build.0 = Debug|Any CPU
		{D986ED3E-9F66-4979-81BF-FF9C5237E922}.Release|Any CPU.ActiveCfg = Release|Any CPU
		{D986ED3E-9F66-4979-81BF-FF9C5237E922}.Release|Any CPU.Build.0 = Release|Any CPU
	EndGlobalSection
	GlobalSection(SolutionProperties) = preSolution
		HideSolutionNode = FALSE
	EndGlobalSection
	GlobalSection(ExtensibilityGlobals) = postSolution
		SolutionGuid = {4ACC049D-2C95-4E17-831D-749CBBB8208B}
	EndGlobalSection
EndGlobal
